
Microsoft Visual Studio Solution File, Format Version 12.00
# Visual Studio Version 17
VisualStudioVersion = 17.4.33403.182
MinimumVisualStudioVersion = 10.0.40219.1
Project("{FAE04EC0-301F-11D3-BF4B-00C04F79EFBC}") = "Lab11", "Lab11\Lab11.csproj", "{FA6204F5-CEA6-43FD-908A-128D1DBC3CFB}"
EndProject
Global
	GlobalSection(SolutionConfigurationPlatforms) = preSolution
		Debug|Any CPU = Debug|Any CPU
		Release|Any CPU = Release|Any CPU
	EndGlobalSection
	GlobalSection(ProjectConfigurationPlatforms) = postSolution
		{FA6204F5-CEA6-43FD-908A-128D1DBC3CFB}.Debug|Any CPU.ActiveCfg = Debug|Any CPU
		{FA6204F5-CEA6-43FD-908A-128D1DBC3CFB}.Debug|Any CPU.Build.0 = Debug|Any CPU
		{FA6204F5-CEA6-43FD-908A-128D1DBC3CFB}.Release|Any CPU.ActiveCfg = Release|Any CPU
		{FA6204F5-CEA6-43FD-908A-128D1DBC3CFB}.Release|Any CPU.Build.0 = Release|Any CPU
	EndGlobalSection
	GlobalSection(SolutionProperties) = preSolution
		HideSolutionNode = FALSE
	EndGlobalSection
	GlobalSection(ExtensibilityGlobals) = postSolution
		SolutionGuid = {0678714F-45E4-47B6-93F9-06090D0A6230}
	EndGlobalSection
EndGlobal
