
Microsoft Visual Studio Solution File, Format Version 12.00
# Visual Studio Version 17
VisualStudioVersion = 17.4.33403.182
MinimumVisualStudioVersion = 10.0.40219.1
Project("{FAE04EC0-301F-11D3-BF4B-00C04F79EFBC}") = "Lab12", "Lab12.csproj", "{2F705A6A-748B-41A7-8B87-80C4B54B1045}"
EndProject
Global
	GlobalSection(SolutionConfigurationPlatforms) = preSolution
		Debug|Any CPU = Debug|Any CPU
		Release|Any CPU = Release|Any CPU
	EndGlobalSection
	GlobalSection(ProjectConfigurationPlatforms) = postSolution
		{2F705A6A-748B-41A7-8B87-80C4B54B1045}.Debug|Any CPU.ActiveCfg = Debug|Any CPU
		{2F705A6A-748B-41A7-8B87-80C4B54B1045}.Debug|Any CPU.Build.0 = Debug|Any CPU
		{2F705A6A-748B-41A7-8B87-80C4B54B1045}.Release|Any CPU.ActiveCfg = Release|Any CPU
		{2F705A6A-748B-41A7-8B87-80C4B54B1045}.Release|Any CPU.Build.0 = Release|Any CPU
	EndGlobalSection
	GlobalSection(SolutionProperties) = preSolution
		HideSolutionNode = FALSE
	EndGlobalSection
	GlobalSection(ExtensibilityGlobals) = postSolution
		SolutionGuid = {F190F253-7935-40DB-B363-9EF50381A831}
	EndGlobalSection
EndGlobal
